
Microsoft Visual Studio Solution File, Format Version 12.00
# Visual Studio Version 17
VisualStudioVersion = 17.5.33516.290
MinimumVisualStudioVersion = 10.0.40219.1
Project("{FAE04EC0-301F-11D3-BF4B-00C04F79EFBC}") = "PDF.Blzr.Server", "PDF.Blzr\Server\PDF.Blzr.Server.csproj", "{C9551AE2-0C53-4006-BD66-2875CC13E522}"
EndProject
Project("{FAE04EC0-301F-11D3-BF4B-00C04F79EFBC}") = "PDF.Blzr.Client", "PDF.Blzr\Client\PDF.Blzr.Client.csproj", "{1AC713DE-9D5F-4FF7-A7FE-AE2CD0A38E87}"
EndProject
Project("{FAE04EC0-301F-11D3-BF4B-00C04F79EFBC}") = "PDF.Blzr.Shared", "PDF.Blzr\Shared\PDF.Blzr.Shared.csproj", "{84D12EA5-A621-4F58-A108-2742A79D984A}"
EndProject
Global
	GlobalSection(SolutionConfigurationPlatforms) = preSolution
		Debug|Any CPU = Debug|Any CPU
		Release|Any CPU = Release|Any CPU
	EndGlobalSection
	GlobalSection(ProjectConfigurationPlatforms) = postSolution
		{C9551AE2-0C53-4006-BD66-2875CC13E522}.Debug|Any CPU.ActiveCfg = Debug|Any CPU
		{C9551AE2-0C53-4006-BD66-2875CC13E522}.Debug|Any CPU.Build.0 = Debug|Any CPU
		{C9551AE2-0C53-4006-BD66-2875CC13E522}.Release|Any CPU.ActiveCfg = Release|Any CPU
		{C9551AE2-0C53-4006-BD66-2875CC13E522}.Release|Any CPU.Build.0 = Release|Any CPU
		{1AC713DE-9D5F-4FF7-A7FE-AE2CD0A38E87}.Debug|Any CPU.ActiveCfg = Debug|Any CPU
		{1AC713DE-9D5F-4FF7-A7FE-AE2CD0A38E87}.Debug|Any CPU.Build.0 = Debug|Any CPU
		{1AC713DE-9D5F-4FF7-A7FE-AE2CD0A38E87}.Release|Any CPU.ActiveCfg = Release|Any CPU
		{1AC713DE-9D5F-4FF7-A7FE-AE2CD0A38E87}.Release|Any CPU.Build.0 = Release|Any CPU
		{84D12EA5-A621-4F58-A108-2742A79D984A}.Debug|Any CPU.ActiveCfg = Debug|Any CPU
		{84D12EA5-A621-4F58-A108-2742A79D984A}.Debug|Any CPU.Build.0 = Debug|Any CPU
		{84D12EA5-A621-4F58-A108-2742A79D984A}.Release|Any CPU.ActiveCfg = Release|Any CPU
		{84D12EA5-A621-4F58-A108-2742A79D984A}.Release|Any CPU.Build.0 = Release|Any CPU
	EndGlobalSection
	GlobalSection(SolutionProperties) = preSolution
		HideSolutionNode = FALSE
	EndGlobalSection
	GlobalSection(ExtensibilityGlobals) = postSolution
		SolutionGuid = {932858FF-3DAF-4ECB-9176-95B24327E56D}
	EndGlobalSection
EndGlobal
